// !$*UTF8*$!
{
	archiveVersion = 1;
	classes = {
	};
	objectVersion = 56;
	objects = {

/* Begin PBXBuildFile section */
		182460A12AF4F8DE00408D94 /* QuakeError.swift in Sources */ = {isa = PBXBuildFile; fileRef = 182460A02AF4F8DE00408D94 /* QuakeError.swift */; };
		182460A92AF4F9D800408D94 /* EarthquakesTests.swift in Sources */ = {isa = PBXBuildFile; fileRef = 182460A82AF4F9D800408D94 /* EarthquakesTests.swift */; };
		182460B22AF4FDDC00408D94 /* GeoJSON.swift in Sources */ = {isa = PBXBuildFile; fileRef = 182460B12AF4FDDC00408D94 /* GeoJSON.swift */; };
		182460B42AF4FFB300408D94 /* QuakeLocation.swift in Sources */ = {isa = PBXBuildFile; fileRef = 182460B32AF4FFB300408D94 /* QuakeLocation.swift */; };
		182460BD2AFA2A0800408D94 /* HTTPDataDownloader.swift in Sources */ = {isa = PBXBuildFile; fileRef = 182460BC2AFA2A0800408D94 /* HTTPDataDownloader.swift */; };
		182460BF2AFA2A7200408D94 /* QuakeClient.swift in Sources */ = {isa = PBXBuildFile; fileRef = 182460BE2AFA2A7200408D94 /* QuakeClient.swift */; };
		182460C02AFA2BA200408D94 /* TestData.swift in Sources */ = {isa = PBXBuildFile; fileRef = 182460AF2AF4FA1500408D94 /* TestData.swift */; };
		182460C22AFA2BC000408D94 /* TestDownloader.swift in Sources */ = {isa = PBXBuildFile; fileRef = 182460C12AFA2BC000408D94 /* TestDownloader.swift */; };
		182460C42AFA2DC400408D94 /* QuakesProvider.swift in Sources */ = {isa = PBXBuildFile; fileRef = 182460C32AFA2DC400408D94 /* QuakesProvider.swift */; };
		189A68492AF23851008A064B /* EarthquakesApp.swift in Sources */ = {isa = PBXBuildFile; fileRef = 189A68482AF23851008A064B /* EarthquakesApp.swift */; };
		189A684D2AF23853008A064B /* Assets.xcassets in Resources */ = {isa = PBXBuildFile; fileRef = 189A684C2AF23853008A064B /* Assets.xcassets */; };
		189A68502AF23853008A064B /* Preview Assets.xcassets in Resources */ = {isa = PBXBuildFile; fileRef = 189A684F2AF23853008A064B /* Preview Assets.xcassets */; };
		189A68592AF2389B008A064B /* Quake.swift in Sources */ = {isa = PBXBuildFile; fileRef = 189A68582AF2389B008A064B /* Quake.swift */; };
		189A685B2AF238B6008A064B /* Quake+Color.swift in Sources */ = {isa = PBXBuildFile; fileRef = 189A685A2AF238B6008A064B /* Quake+Color.swift */; };
		189A685E2AF239B7008A064B /* Quakes+Toolbar.swift in Sources */ = {isa = PBXBuildFile; fileRef = 189A685D2AF239B7008A064B /* Quakes+Toolbar.swift */; };
		189A68602AF239FA008A064B /* SelectButton.swift in Sources */ = {isa = PBXBuildFile; fileRef = 189A685F2AF239FA008A064B /* SelectButton.swift */; };
		189A68622AF23A3F008A064B /* EditButton.swift in Sources */ = {isa = PBXBuildFile; fileRef = 189A68612AF23A3F008A064B /* EditButton.swift */; };
		189A68642AF23A5B008A064B /* RefreshButton.swift in Sources */ = {isa = PBXBuildFile; fileRef = 189A68632AF23A5B008A064B /* RefreshButton.swift */; };
		189A68662AF23A7E008A064B /* ToolbarStatus.swift in Sources */ = {isa = PBXBuildFile; fileRef = 189A68652AF23A7E008A064B /* ToolbarStatus.swift */; };
		189A68682AF23A9F008A064B /* DeleteButton.swift in Sources */ = {isa = PBXBuildFile; fileRef = 189A68672AF23A9F008A064B /* DeleteButton.swift */; };
		189A686A2AF23AD2008A064B /* QuakesView.swift in Sources */ = {isa = PBXBuildFile; fileRef = 189A68692AF23AD2008A064B /* QuakesView.swift */; };
		189A686C2AF23B59008A064B /* QuakeRow.swift in Sources */ = {isa = PBXBuildFile; fileRef = 189A686B2AF23B59008A064B /* QuakeRow.swift */; };
		189A686F2AF23B8D008A064B /* QuakeMagnitude.swift in Sources */ = {isa = PBXBuildFile; fileRef = 189A686E2AF23B8D008A064B /* QuakeMagnitude.swift */; };
/* End PBXBuildFile section */

/* Begin PBXContainerItemProxy section */
		182460AA2AF4F9D800408D94 /* PBXContainerItemProxy */ = {
			isa = PBXContainerItemProxy;
			containerPortal = 189A683D2AF23851008A064B /* Project object */;
			proxyType = 1;
			remoteGlobalIDString = 189A68442AF23851008A064B;
			remoteInfo = Earthquakes;
		};
/* End PBXContainerItemProxy section */

/* Begin PBXFileReference section */
		182460A02AF4F8DE00408D94 /* QuakeError.swift */ = {isa = PBXFileReference; lastKnownFileType = sourcecode.swift; path = QuakeError.swift; sourceTree = "<group>"; };
		182460A62AF4F9D800408D94 /* EarthquakesTests.xctest */ = {isa = PBXFileReference; explicitFileType = wrapper.cfbundle; includeInIndex = 0; path = EarthquakesTests.xctest; sourceTree = BUILT_PRODUCTS_DIR; };
		182460A82AF4F9D800408D94 /* EarthquakesTests.swift */ = {isa = PBXFileReference; lastKnownFileType = sourcecode.swift; path = EarthquakesTests.swift; sourceTree = "<group>"; };
		182460AF2AF4FA1500408D94 /* TestData.swift */ = {isa = PBXFileReference; lastKnownFileType = sourcecode.swift; path = TestData.swift; sourceTree = "<group>"; };
		182460B12AF4FDDC00408D94 /* GeoJSON.swift */ = {isa = PBXFileReference; lastKnownFileType = sourcecode.swift; path = GeoJSON.swift; sourceTree = "<group>"; };
		182460B32AF4FFB300408D94 /* QuakeLocation.swift */ = {isa = PBXFileReference; lastKnownFileType = sourcecode.swift; path = QuakeLocation.swift; sourceTree = "<group>"; };
		182460BC2AFA2A0800408D94 /* HTTPDataDownloader.swift */ = {isa = PBXFileReference; lastKnownFileType = sourcecode.swift; path = HTTPDataDownloader.swift; sourceTree = "<group>"; };
		182460BE2AFA2A7200408D94 /* QuakeClient.swift */ = {isa = PBXFileReference; lastKnownFileType = sourcecode.swift; path = QuakeClient.swift; sourceTree = "<group>"; };
		182460C12AFA2BC000408D94 /* TestDownloader.swift */ = {isa = PBXFileReference; lastKnownFileType = sourcecode.swift; path = TestDownloader.swift; sourceTree = "<group>"; };
		182460C32AFA2DC400408D94 /* QuakesProvider.swift */ = {isa = PBXFileReference; lastKnownFileType = sourcecode.swift; path = QuakesProvider.swift; sourceTree = "<group>"; };
		189A68452AF23851008A064B /* Earthquakes.app */ = {isa = PBXFileReference; explicitFileType = wrapper.application; includeInIndex = 0; path = Earthquakes.app; sourceTree = BUILT_PRODUCTS_DIR; };
		189A68482AF23851008A064B /* EarthquakesApp.swift */ = {isa = PBXFileReference; lastKnownFileType = sourcecode.swift; path = EarthquakesApp.swift; sourceTree = "<group>"; };
		189A684C2AF23853008A064B /* Assets.xcassets */ = {isa = PBXFileReference; lastKnownFileType = folder.assetcatalog; path = Assets.xcassets; sourceTree = "<group>"; };
		189A684F2AF23853008A064B /* Preview Assets.xcassets */ = {isa = PBXFileReference; lastKnownFileType = folder.assetcatalog; path = "Preview Assets.xcassets"; sourceTree = "<group>"; };
		189A68582AF2389B008A064B /* Quake.swift */ = {isa = PBXFileReference; lastKnownFileType = sourcecode.swift; path = Quake.swift; sourceTree = "<group>"; };
		189A685A2AF238B6008A064B /* Quake+Color.swift */ = {isa = PBXFileReference; lastKnownFileType = sourcecode.swift; path = "Quake+Color.swift"; sourceTree = "<group>"; };
		189A685D2AF239B7008A064B /* Quakes+Toolbar.swift */ = {isa = PBXFileReference; lastKnownFileType = sourcecode.swift; path = "Quakes+Toolbar.swift"; sourceTree = "<group>"; };
		189A685F2AF239FA008A064B /* SelectButton.swift */ = {isa = PBXFileReference; lastKnownFileType = sourcecode.swift; path = SelectButton.swift; sourceTree = "<group>"; };
		189A68612AF23A3F008A064B /* EditButton.swift */ = {isa = PBXFileReference; lastKnownFileType = sourcecode.swift; path = EditButton.swift; sourceTree = "<group>"; };
		189A68632AF23A5B008A064B /* RefreshButton.swift */ = {isa = PBXFileReference; lastKnownFileType = sourcecode.swift; path = RefreshButton.swift; sourceTree = "<group>"; };
		189A68652AF23A7E008A064B /* ToolbarStatus.swift */ = {isa = PBXFileReference; lastKnownFileType = sourcecode.swift; path = ToolbarStatus.swift; sourceTree = "<group>"; };
		189A68672AF23A9F008A064B /* DeleteButton.swift */ = {isa = PBXFileReference; lastKnownFileType = sourcecode.swift; path = DeleteButton.swift; sourceTree = "<group>"; };
		189A68692AF23AD2008A064B /* QuakesView.swift */ = {isa = PBXFileReference; lastKnownFileType = sourcecode.swift; path = QuakesView.swift; sourceTree = "<group>"; };
		189A686B2AF23B59008A064B /* QuakeRow.swift */ = {isa = PBXFileReference; lastKnownFileType = sourcecode.swift; path = QuakeRow.swift; sourceTree = "<group>"; };
		189A686E2AF23B8D008A064B /* QuakeMagnitude.swift */ = {isa = PBXFileReference; lastKnownFileType = sourcecode.swift; path = QuakeMagnitude.swift; sourceTree = "<group>"; };
/* End PBXFileReference section */

/* Begin PBXFrameworksBuildPhase section */
		182460A32AF4F9D800408D94 /* Frameworks */ = {
			isa = PBXFrameworksBuildPhase;
			buildActionMask = 2147483647;
			files = (
			);
			runOnlyForDeploymentPostprocessing = 0;
		};
		189A68422AF23851008A064B /* Frameworks */ = {
			isa = PBXFrameworksBuildPhase;
			buildActionMask = 2147483647;
			files = (
			);
			runOnlyForDeploymentPostprocessing = 0;
		};
/* End PBXFrameworksBuildPhase section */

/* Begin PBXGroup section */
		182460A72AF4F9D800408D94 /* EarthquakesTests */ = {
			isa = PBXGroup;
			children = (
				182460A82AF4F9D800408D94 /* EarthquakesTests.swift */,
			);
			path = EarthquakesTests;
			sourceTree = "<group>";
		};
		189A683C2AF23851008A064B = {
			isa = PBXGroup;
			children = (
				189A68472AF23851008A064B /* Earthquakes */,
				182460A72AF4F9D800408D94 /* EarthquakesTests */,
				189A68462AF23851008A064B /* Products */,
			);
			sourceTree = "<group>";
		};
		189A68462AF23851008A064B /* Products */ = {
			isa = PBXGroup;
			children = (
				189A68452AF23851008A064B /* Earthquakes.app */,
				182460A62AF4F9D800408D94 /* EarthquakesTests.xctest */,
			);
			name = Products;
			sourceTree = "<group>";
		};
		189A68472AF23851008A064B /* Earthquakes */ = {
			isa = PBXGroup;
			children = (
				189A68572AF23871008A064B /* Views */,
				189A68562AF23864008A064B /* Models */,
				189A68482AF23851008A064B /* EarthquakesApp.swift */,
				189A684C2AF23853008A064B /* Assets.xcassets */,
				189A684E2AF23853008A064B /* Preview Content */,
			);
			path = Earthquakes;
			sourceTree = "<group>";
		};
		189A684E2AF23853008A064B /* Preview Content */ = {
			isa = PBXGroup;
			children = (
				189A684F2AF23853008A064B /* Preview Assets.xcassets */,
				182460AF2AF4FA1500408D94 /* TestData.swift */,
				182460C12AFA2BC000408D94 /* TestDownloader.swift */,
			);
			path = "Preview Content";
			sourceTree = "<group>";
		};
		189A68562AF23864008A064B /* Models */ = {
			isa = PBXGroup;
			children = (
				189A68582AF2389B008A064B /* Quake.swift */,
				189A685A2AF238B6008A064B /* Quake+Color.swift */,
				182460A02AF4F8DE00408D94 /* QuakeError.swift */,
				182460B12AF4FDDC00408D94 /* GeoJSON.swift */,
				182460B32AF4FFB300408D94 /* QuakeLocation.swift */,
				182460BC2AFA2A0800408D94 /* HTTPDataDownloader.swift */,
				182460BE2AFA2A7200408D94 /* QuakeClient.swift */,
				182460C32AFA2DC400408D94 /* QuakesProvider.swift */,
			);
			path = Models;
			sourceTree = "<group>";
		};
		189A68572AF23871008A064B /* Views */ = {
			isa = PBXGroup;
			children = (
				189A685C2AF2398E008A064B /* Tollbar */,
				189A68692AF23AD2008A064B /* QuakesView.swift */,
				189A686B2AF23B59008A064B /* QuakeRow.swift */,
				189A686E2AF23B8D008A064B /* QuakeMagnitude.swift */,
			);
			path = Views;
			sourceTree = "<group>";
		};
		189A685C2AF2398E008A064B /* Tollbar */ = {
			isa = PBXGroup;
			children = (
				189A685D2AF239B7008A064B /* Quakes+Toolbar.swift */,
				189A685F2AF239FA008A064B /* SelectButton.swift */,
				189A68612AF23A3F008A064B /* EditButton.swift */,
				189A68632AF23A5B008A064B /* RefreshButton.swift */,
				189A68652AF23A7E008A064B /* ToolbarStatus.swift */,
				189A68672AF23A9F008A064B /* DeleteButton.swift */,
			);
			path = Tollbar;
			sourceTree = "<group>";
		};
/* End PBXGroup section */

/* Begin PBXNativeTarget section */
		182460A52AF4F9D800408D94 /* EarthquakesTests */ = {
			isa = PBXNativeTarget;
			buildConfigurationList = 182460AC2AF4F9D800408D94 /* Build configuration list for PBXNativeTarget "EarthquakesTests" */;
			buildPhases = (
				182460A22AF4F9D800408D94 /* Sources */,
				182460A32AF4F9D800408D94 /* Frameworks */,
				182460A42AF4F9D800408D94 /* Resources */,
			);
			buildRules = (
			);
			dependencies = (
				182460AB2AF4F9D800408D94 /* PBXTargetDependency */,
			);
			name = EarthquakesTests;
			productName = EarthquakesTests;
			productReference = 182460A62AF4F9D800408D94 /* EarthquakesTests.xctest */;
			productType = "com.apple.product-type.bundle.unit-test";
		};
		189A68442AF23851008A064B /* Earthquakes */ = {
			isa = PBXNativeTarget;
			buildConfigurationList = 189A68532AF23853008A064B /* Build configuration list for PBXNativeTarget "Earthquakes" */;
			buildPhases = (
				189A68412AF23851008A064B /* Sources */,
				189A68422AF23851008A064B /* Frameworks */,
				189A68432AF23851008A064B /* Resources */,
			);
			buildRules = (
			);
			dependencies = (
			);
			name = Earthquakes;
			productName = Earthquakes;
			productReference = 189A68452AF23851008A064B /* Earthquakes.app */;
			productType = "com.apple.product-type.application";
		};
/* End PBXNativeTarget section */

/* Begin PBXProject section */
		189A683D2AF23851008A064B /* Project object */ = {
			isa = PBXProject;
			attributes = {
				BuildIndependentTargetsInParallel = 1;
				LastSwiftUpdateCheck = 1430;
				LastUpgradeCheck = 1430;
				TargetAttributes = {
					182460A52AF4F9D800408D94 = {
						CreatedOnToolsVersion = 14.3.1;
						TestTargetID = 189A68442AF23851008A064B;
					};
					189A68442AF23851008A064B = {
						CreatedOnToolsVersion = 14.3.1;
					};
				};
			};
			buildConfigurationList = 189A68402AF23851008A064B /* Build configuration list for PBXProject "Earthquakes" */;
			compatibilityVersion = "Xcode 14.0";
			developmentRegion = en;
			hasScannedForEncodings = 0;
			knownRegions = (
				en,
				Base,
			);
			mainGroup = 189A683C2AF23851008A064B;
			productRefGroup = 189A68462AF23851008A064B /* Products */;
			projectDirPath = "";
			projectRoot = "";
			targets = (
				189A68442AF23851008A064B /* Earthquakes */,
				182460A52AF4F9D800408D94 /* EarthquakesTests */,
			);
		};
/* End PBXProject section */

/* Begin PBXResourcesBuildPhase section */
		182460A42AF4F9D800408D94 /* Resources */ = {
			isa = PBXResourcesBuildPhase;
			buildActionMask = 2147483647;
			files = (
			);
			runOnlyForDeploymentPostprocessing = 0;
		};
		189A68432AF23851008A064B /* Resources */ = {
			isa = PBXResourcesBuildPhase;
			buildActionMask = 2147483647;
			files = (
				189A68502AF23853008A064B /* Preview Assets.xcassets in Resources */,
				189A684D2AF23853008A064B /* Assets.xcassets in Resources */,
			);
			runOnlyForDeploymentPostprocessing = 0;
		};
/* End PBXResourcesBuildPhase section */

/* Begin PBXSourcesBuildPhase section */
		182460A22AF4F9D800408D94 /* Sources */ = {
			isa = PBXSourcesBuildPhase;
			buildActionMask = 2147483647;
			files = (
				182460A92AF4F9D800408D94 /* EarthquakesTests.swift in Sources */,
			);
			runOnlyForDeploymentPostprocessing = 0;
		};
		189A68412AF23851008A064B /* Sources */ = {
			isa = PBXSourcesBuildPhase;
			buildActionMask = 2147483647;
			files = (
				189A68642AF23A5B008A064B /* RefreshButton.swift in Sources */,
				189A685B2AF238B6008A064B /* Quake+Color.swift in Sources */,
				189A68622AF23A3F008A064B /* EditButton.swift in Sources */,
				182460B22AF4FDDC00408D94 /* GeoJSON.swift in Sources */,
				189A686C2AF23B59008A064B /* QuakeRow.swift in Sources */,
				189A686A2AF23AD2008A064B /* QuakesView.swift in Sources */,
				189A68682AF23A9F008A064B /* DeleteButton.swift in Sources */,
				189A686F2AF23B8D008A064B /* QuakeMagnitude.swift in Sources */,
				182460C42AFA2DC400408D94 /* QuakesProvider.swift in Sources */,
				189A685E2AF239B7008A064B /* Quakes+Toolbar.swift in Sources */,
				182460C02AFA2BA200408D94 /* TestData.swift in Sources */,
				189A68602AF239FA008A064B /* SelectButton.swift in Sources */,
				182460A12AF4F8DE00408D94 /* QuakeError.swift in Sources */,
				182460B42AF4FFB300408D94 /* QuakeLocation.swift in Sources */,
				182460BD2AFA2A0800408D94 /* HTTPDataDownloader.swift in Sources */,
				189A68592AF2389B008A064B /* Quake.swift in Sources */,
				182460BF2AFA2A7200408D94 /* QuakeClient.swift in Sources */,
				189A68662AF23A7E008A064B /* ToolbarStatus.swift in Sources */,
				182460C22AFA2BC000408D94 /* TestDownloader.swift in Sources */,
				189A68492AF23851008A064B /* EarthquakesApp.swift in Sources */,
			);
			runOnlyForDeploymentPostprocessing = 0;
		};
/* End PBXSourcesBuildPhase section */

/* Begin PBXTargetDependency section */
		182460AB2AF4F9D800408D94 /* PBXTargetDependency */ = {
			isa = PBXTargetDependency;
			target = 189A68442AF23851008A064B /* Earthquakes */;
			targetProxy = 182460AA2AF4F9D800408D94 /* PBXContainerItemProxy */;
		};
/* End PBXTargetDependency section */

/* Begin XCBuildConfiguration section */
		182460AD2AF4F9D800408D94 /* Debug */ = {
			isa = XCBuildConfiguration;
			buildSettings = {
				BUNDLE_LOADER = "$(TEST_HOST)";
				CODE_SIGN_STYLE = Automatic;
				CURRENT_PROJECT_VERSION = 1;
				DEVELOPMENT_TEAM = P5JPX93769;
				GENERATE_INFOPLIST_FILE = YES;
				MARKETING_VERSION = 1.0;
				PRODUCT_BUNDLE_IDENTIFIER = ali.EarthquakesTests;
				PRODUCT_NAME = "$(TARGET_NAME)";
				SWIFT_EMIT_LOC_STRINGS = NO;
				SWIFT_VERSION = 5.0;
				TARGETED_DEVICE_FAMILY = "1,2";
				TEST_HOST = "$(BUILT_PRODUCTS_DIR)/Earthquakes.app/$(BUNDLE_EXECUTABLE_FOLDER_PATH)/Earthquakes";
			};
			name = Debug;
		};
		182460AE2AF4F9D800408D94 /* Release */ = {
			isa = XCBuildConfiguration;
			buildSettings = {
				BUNDLE_LOADER = "$(TEST_HOST)";
				CODE_SIGN_STYLE = Automatic;
				CURRENT_PROJECT_VERSION = 1;
				DEVELOPMENT_TEAM = P5JPX93769;
				GENERATE_INFOPLIST_FILE = YES;
				MARKETING_VERSION = 1.0;
				PRODUCT_BUNDLE_IDENTIFIER = ali.EarthquakesTests;
				PRODUCT_NAME = "$(TARGET_NAME)";
				SWIFT_EMIT_LOC_STRINGS = NO;
				SWIFT_VERSION = 5.0;
				TARGETED_DEVICE_FAMILY = "1,2";
				TEST_HOST = "$(BUILT_PRODUCTS_DIR)/Earthquakes.app/$(BUNDLE_EXECUTABLE_FOLDER_PATH)/Earthquakes";
			};
			name = Release;
		};
		189A68512AF23853008A064B /* Debug */ = {
			isa = XCBuildConfiguration;
			buildSettings = {
				ALWAYS_SEARCH_USER_PATHS = NO;
				CLANG_ANALYZER_NONNULL = YES;
				CLANG_ANALYZER_NUMBER_OBJECT_CONVERSION = YES_AGGRESSIVE;
				CLANG_CXX_LANGUAGE_STANDARD = "gnu++20";
				CLANG_ENABLE_MODULES = YES;
				CLANG_ENABLE_OBJC_ARC = YES;
				CLANG_ENABLE_OBJC_WEAK = YES;
				CLANG_WARN_BLOCK_CAPTURE_AUTORELEASING = YES;
				CLANG_WARN_BOOL_CONVERSION = YES;
				CLANG_WARN_COMMA = YES;
				CLANG_WARN_CONSTANT_CONVERSION = YES;
				CLANG_WARN_DEPRECATED_OBJC_IMPLEMENTATIONS = YES;
				CLANG_WARN_DIRECT_OBJC_ISA_USAGE = YES_ERROR;
				CLANG_WARN_DOCUMENTATION_COMMENTS = YES;
				CLANG_WARN_EMPTY_BODY = YES;
				CLANG_WARN_ENUM_CONVERSION = YES;
				CLANG_WARN_INFINITE_RECURSION = YES;
				CLANG_WARN_INT_CONVERSION = YES;
				CLANG_WARN_NON_LITERAL_NULL_CONVERSION = YES;
				CLANG_WARN_OBJC_IMPLICIT_RETAIN_SELF = YES;
				CLANG_WARN_OBJC_LITERAL_CONVERSION = YES;
				CLANG_WARN_OBJC_ROOT_CLASS = YES_ERROR;
				CLANG_WARN_QUOTED_INCLUDE_IN_FRAMEWORK_HEADER = YES;
				CLANG_WARN_RANGE_LOOP_ANALYSIS = YES;
				CLANG_WARN_STRICT_PROTOTYPES = YES;
				CLANG_WARN_SUSPICIOUS_MOVE = YES;
				CLANG_WARN_UNGUARDED_AVAILABILITY = YES_AGGRESSIVE;
				CLANG_WARN_UNREACHABLE_CODE = YES;
				CLANG_WARN__DUPLICATE_METHOD_MATCH = YES;
				COPY_PHASE_STRIP = NO;
				DEBUG_INFORMATION_FORMAT = dwarf;
				ENABLE_STRICT_OBJC_MSGSEND = YES;
				ENABLE_TESTABILITY = YES;
				GCC_C_LANGUAGE_STANDARD = gnu11;
				GCC_DYNAMIC_NO_PIC = NO;
				GCC_NO_COMMON_BLOCKS = YES;
				GCC_OPTIMIZATION_LEVEL = 0;
				GCC_PREPROCESSOR_DEFINITIONS = (
					"DEBUG=1",
					"$(inherited)",
				);
				GCC_WARN_64_TO_32_BIT_CONVERSION = YES;
				GCC_WARN_ABOUT_RETURN_TYPE = YES_ERROR;
				GCC_WARN_UNDECLARED_SELECTOR = YES;
				GCC_WARN_UNINITIALIZED_AUTOS = YES_AGGRESSIVE;
				GCC_WARN_UNUSED_FUNCTION = YES;
				GCC_WARN_UNUSED_VARIABLE = YES;
				IPHONEOS_DEPLOYMENT_TARGET = 16.4;
				MTL_ENABLE_DEBUG_INFO = INCLUDE_SOURCE;
				MTL_FAST_MATH = YES;
				ONLY_ACTIVE_ARCH = YES;
				SDKROOT = iphoneos;
				SWIFT_ACTIVE_COMPILATION_CONDITIONS = DEBUG;
				SWIFT_OPTIMIZATION_LEVEL = "-Onone";
			};
			name = Debug;
		};
		189A68522AF23853008A064B /* Release */ = {
			isa = XCBuildConfiguration;
			buildSettings = {
				ALWAYS_SEARCH_USER_PATHS = NO;
				CLANG_ANALYZER_NONNULL = YES;
				CLANG_ANALYZER_NUMBER_OBJECT_CONVERSION = YES_AGGRESSIVE;
				CLANG_CXX_LANGUAGE_STANDARD = "gnu++20";
				CLANG_ENABLE_MODULES = YES;
				CLANG_ENABLE_OBJC_ARC = YES;
				CLANG_ENABLE_OBJC_WEAK = YES;
				CLANG_WARN_BLOCK_CAPTURE_AUTORELEASING = YES;
				CLANG_WARN_BOOL_CONVERSION = YES;
				CLANG_WARN_COMMA = YES;
				CLANG_WARN_CONSTANT_CONVERSION = YES;
				CLANG_WARN_DEPRECATED_OBJC_IMPLEMENTATIONS = YES;
				CLANG_WARN_DIRECT_OBJC_ISA_USAGE = YES_ERROR;
				CLANG_WARN_DOCUMENTATION_COMMENTS = YES;
				CLANG_WARN_EMPTY_BODY = YES;
				CLANG_WARN_ENUM_CONVERSION = YES;
				CLANG_WARN_INFINITE_RECURSION = YES;
				CLANG_WARN_INT_CONVERSION = YES;
				CLANG_WARN_NON_LITERAL_NULL_CONVERSION = YES;
				CLANG_WARN_OBJC_IMPLICIT_RETAIN_SELF = YES;
				CLANG_WARN_OBJC_LITERAL_CONVERSION = YES;
				CLANG_WARN_OBJC_ROOT_CLASS = YES_ERROR;
				CLANG_WARN_QUOTED_INCLUDE_IN_FRAMEWORK_HEADER = YES;
				CLANG_WARN_RANGE_LOOP_ANALYSIS = YES;
				CLANG_WARN_STRICT_PROTOTYPES = YES;
				CLANG_WARN_SUSPICIOUS_MOVE = YES;
				CLANG_WARN_UNGUARDED_AVAILABILITY = YES_AGGRESSIVE;
				CLANG_WARN_UNREACHABLE_CODE = YES;
				CLANG_WARN__DUPLICATE_METHOD_MATCH = YES;
				COPY_PHASE_STRIP = NO;
				DEBUG_INFORMATION_FORMAT = "dwarf-with-dsym";
				ENABLE_NS_ASSERTIONS = NO;
				ENABLE_STRICT_OBJC_MSGSEND = YES;
				GCC_C_LANGUAGE_STANDARD = gnu11;
				GCC_NO_COMMON_BLOCKS = YES;
				GCC_WARN_64_TO_32_BIT_CONVERSION = YES;
				GCC_WARN_ABOUT_RETURN_TYPE = YES_ERROR;
				GCC_WARN_UNDECLARED_SELECTOR = YES;
				GCC_WARN_UNINITIALIZED_AUTOS = YES_AGGRESSIVE;
				GCC_WARN_UNUSED_FUNCTION = YES;
				GCC_WARN_UNUSED_VARIABLE = YES;
				IPHONEOS_DEPLOYMENT_TARGET = 16.4;
				MTL_ENABLE_DEBUG_INFO = NO;
				MTL_FAST_MATH = YES;
				SDKROOT = iphoneos;
				SWIFT_COMPILATION_MODE = wholemodule;
				SWIFT_OPTIMIZATION_LEVEL = "-O";
				VALIDATE_PRODUCT = YES;
			};
			name = Release;
		};
		189A68542AF23853008A064B /* Debug */ = {
			isa = XCBuildConfiguration;
			buildSettings = {
				ASSETCATALOG_COMPILER_APPICON_NAME = AppIcon;
				ASSETCATALOG_COMPILER_GLOBAL_ACCENT_COLOR_NAME = AccentColor;
				CODE_SIGN_STYLE = Automatic;
				CURRENT_PROJECT_VERSION = 1;
				DEVELOPMENT_ASSET_PATHS = "\"Earthquakes/Preview Content\"";
				DEVELOPMENT_TEAM = P5JPX93769;
				ENABLE_PREVIEWS = YES;
				GENERATE_INFOPLIST_FILE = YES;
				INFOPLIST_KEY_UIApplicationSceneManifest_Generation = YES;
				INFOPLIST_KEY_UIApplicationSupportsIndirectInputEvents = YES;
				INFOPLIST_KEY_UILaunchScreen_Generation = YES;
				INFOPLIST_KEY_UISupportedInterfaceOrientations_iPad = "UIInterfaceOrientationPortrait UIInterfaceOrientationPortraitUpsideDown UIInterfaceOrientationLandscapeLeft UIInterfaceOrientationLandscapeRight";
				INFOPLIST_KEY_UISupportedInterfaceOrientations_iPhone = "UIInterfaceOrientationPortrait UIInterfaceOrientationLandscapeLeft UIInterfaceOrientationLandscapeRight";
				LD_RUNPATH_SEARCH_PATHS = (
					"$(inherited)",
					"@executable_path/Frameworks",
				);
				MARKETING_VERSION = 1.0;
				PRODUCT_BUNDLE_IDENTIFIER = ali.Earthquakes;
				PRODUCT_NAME = "$(TARGET_NAME)";
				SWIFT_EMIT_LOC_STRINGS = YES;
				SWIFT_VERSION = 5.0;
				TARGETED_DEVICE_FAMILY = "1,2";
			};
			name = Debug;
		};
		189A68552AF23853008A064B /* Release */ = {
			isa = XCBuildConfiguration;
			buildSettings = {
				ASSETCATALOG_COMPILER_APPICON_NAME = AppIcon;
				ASSETCATALOG_COMPILER_GLOBAL_ACCENT_COLOR_NAME = AccentColor;
				CODE_SIGN_STYLE = Automatic;
				CURRENT_PROJECT_VERSION = 1;
				DEVELOPMENT_ASSET_PATHS = "\"Earthquakes/Preview Content\"";
				DEVELOPMENT_TEAM = P5JPX93769;
				ENABLE_PREVIEWS = YES;
				GENERATE_INFOPLIST_FILE = YES;
				INFOPLIST_KEY_UIApplicationSceneManifest_Generation = YES;
				INFOPLIST_KEY_UIApplicationSupportsIndirectInputEvents = YES;
				INFOPLIST_KEY_UILaunchScreen_Generation = YES;
				INFOPLIST_KEY_UISupportedInterfaceOrientations_iPad = "UIInterfaceOrientationPortrait UIInterfaceOrientationPortraitUpsideDown UIInterfaceOrientationLandscapeLeft UIInterfaceOrientationLandscapeRight";
				INFOPLIST_KEY_UISupportedInterfaceOrientations_iPhone = "UIInterfaceOrientationPortrait UIInterfaceOrientationLandscapeLeft UIInterfaceOrientationLandscapeRight";
				LD_RUNPATH_SEARCH_PATHS = (
					"$(inherited)",
					"@executable_path/Frameworks",
				);
				MARKETING_VERSION = 1.0;
				PRODUCT_BUNDLE_IDENTIFIER = ali.Earthquakes;
				PRODUCT_NAME = "$(TARGET_NAME)";
				SWIFT_EMIT_LOC_STRINGS = YES;
				SWIFT_VERSION = 5.0;
				TARGETED_DEVICE_FAMILY = "1,2";
			};
			name = Release;
		};
/* End XCBuildConfiguration section */

/* Begin XCConfigurationList section */
		182460AC2AF4F9D800408D94 /* Build configuration list for PBXNativeTarget "EarthquakesTests" */ = {
			isa = XCConfigurationList;
			buildConfigurations = (
				182460AD2AF4F9D800408D94 /* Debug */,
				182460AE2AF4F9D800408D94 /* Release */,
			);
			defaultConfigurationIsVisible = 0;
			defaultConfigurationName = Release;
		};
		189A68402AF23851008A064B /* Build configuration list for PBXProject "Earthquakes" */ = {
			isa = XCConfigurationList;
			buildConfigurations = (
				189A68512AF23853008A064B /* Debug */,
				189A68522AF23853008A064B /* Release */,
			);
			defaultConfigurationIsVisible = 0;
			defaultConfigurationName = Release;
		};
		189A68532AF23853008A064B /* Build configuration list for PBXNativeTarget "Earthquakes" */ = {
			isa = XCConfigurationList;
			buildConfigurations = (
				189A68542AF23853008A064B /* Debug */,
				189A68552AF23853008A064B /* Release */,
			);
			defaultConfigurationIsVisible = 0;
			defaultConfigurationName = Release;
		};
/* End XCConfigurationList section */
	};
	rootObject = 189A683D2AF23851008A064B /* Project object */;
}
